
Microsoft Visual Studio Solution File, Format Version 12.00
# Visual Studio 15
VisualStudioVersion = 15.0.27428.2015
MinimumVisualStudioVersion = 10.0.40219.1
Project("{FAE04EC0-301F-11D3-BF4B-00C04F79EFBC}") = "Projekt_zeleznik", "Projekt_zeleznik\Projekt_zeleznik.csproj", "{809BE57D-FD33-4AB1-92BA-7CE336781A84}"
EndProject
Global
	GlobalSection(SolutionConfigurationPlatforms) = preSolution
		Debug|Any CPU = Debug|Any CPU
		Release|Any CPU = Release|Any CPU
	EndGlobalSection
	GlobalSection(ProjectConfigurationPlatforms) = postSolution
		{809BE57D-FD33-4AB1-92BA-7CE336781A84}.Debug|Any CPU.ActiveCfg = Debug|Any CPU
		{809BE57D-FD33-4AB1-92BA-7CE336781A84}.Debug|Any CPU.Build.0 = Debug|Any CPU
		{809BE57D-FD33-4AB1-92BA-7CE336781A84}.Release|Any CPU.ActiveCfg = Release|Any CPU
		{809BE57D-FD33-4AB1-92BA-7CE336781A84}.Release|Any CPU.Build.0 = Release|Any CPU
	EndGlobalSection
	GlobalSection(SolutionProperties) = preSolution
		HideSolutionNode = FALSE
	EndGlobalSection
	GlobalSection(ExtensibilityGlobals) = postSolution
		SolutionGuid = {CBF0D98F-2829-4114-8FA5-6CB8D3DD42F0}
	EndGlobalSection
EndGlobal
